
Microsoft Visual Studio Solution File, Format Version 12.00
# Visual Studio 15
VisualStudioVersion = 15.0.27428.2002
MinimumVisualStudioVersion = 10.0.40219.1
Project("{FAE04EC0-301F-11D3-BF4B-00C04F79EFBC}") = "AspNetCoreTesteUnitario", "AspNetCoreTesteUnitario\AspNetCoreTesteUnitario.csproj", "{167CCF45-D77C-4608-AB68-3D46AB16A3C9}"
EndProject
Project("{FAE04EC0-301F-11D3-BF4B-00C04F79EFBC}") = "MSTesteUnitario", "MSTesteUnitario\MSTesteUnitario.csproj", "{EDE24B2A-A8DE-4F81-9882-AB3E01720A18}"
EndProject
Project("{FAE04EC0-301F-11D3-BF4B-00C04F79EFBC}") = "TesteUnitarioXUnit", "TesteUnitarioXUnit\TesteUnitarioXUnit.csproj", "{AC6627D2-49AF-4221-A77D-6F015C44E1A1}"
EndProject
Global
	GlobalSection(SolutionConfigurationPlatforms) = preSolution
		Debug|Any CPU = Debug|Any CPU
		Release|Any CPU = Release|Any CPU
	EndGlobalSection
	GlobalSection(ProjectConfigurationPlatforms) = postSolution
		{167CCF45-D77C-4608-AB68-3D46AB16A3C9}.Debug|Any CPU.ActiveCfg = Debug|Any CPU
		{167CCF45-D77C-4608-AB68-3D46AB16A3C9}.Debug|Any CPU.Build.0 = Debug|Any CPU
		{167CCF45-D77C-4608-AB68-3D46AB16A3C9}.Release|Any CPU.ActiveCfg = Release|Any CPU
		{167CCF45-D77C-4608-AB68-3D46AB16A3C9}.Release|Any CPU.Build.0 = Release|Any CPU
		{EDE24B2A-A8DE-4F81-9882-AB3E01720A18}.Debug|Any CPU.ActiveCfg = Debug|Any CPU
		{EDE24B2A-A8DE-4F81-9882-AB3E01720A18}.Debug|Any CPU.Build.0 = Debug|Any CPU
		{EDE24B2A-A8DE-4F81-9882-AB3E01720A18}.Release|Any CPU.ActiveCfg = Release|Any CPU
		{EDE24B2A-A8DE-4F81-9882-AB3E01720A18}.Release|Any CPU.Build.0 = Release|Any CPU
		{AC6627D2-49AF-4221-A77D-6F015C44E1A1}.Debug|Any CPU.ActiveCfg = Debug|Any CPU
		{AC6627D2-49AF-4221-A77D-6F015C44E1A1}.Debug|Any CPU.Build.0 = Debug|Any CPU
		{AC6627D2-49AF-4221-A77D-6F015C44E1A1}.Release|Any CPU.ActiveCfg = Release|Any CPU
		{AC6627D2-49AF-4221-A77D-6F015C44E1A1}.Release|Any CPU.Build.0 = Release|Any CPU
	EndGlobalSection
	GlobalSection(SolutionProperties) = preSolution
		HideSolutionNode = FALSE
	EndGlobalSection
	GlobalSection(ExtensibilityGlobals) = postSolution
		SolutionGuid = {8F16FB73-4D86-4ADC-A9DF-5B61AB07879B}
	EndGlobalSection
EndGlobal
